
Microsoft Visual Studio Solution File, Format Version 12.00
# Visual Studio Version 16
VisualStudioVersion = 16.0.30225.117
MinimumVisualStudioVersion = 10.0.40219.1
Project("{9A19103F-16F7-4668-BE54-9A1E7A4F7556}") = "BookStore.WebBackend", "BookStore\BookStore.WebBackend.csproj", "{A403E4E9-3604-4171-99E9-516AB65E281C}"
EndProject
Project("{9A19103F-16F7-4668-BE54-9A1E7A4F7556}") = "BookStore.UseCases", "BookStore.UseCases\BookStore.UseCases.csproj", "{0662243D-12F1-435A-8F34-81E57E4AB5DA}"
EndProject
Project("{9A19103F-16F7-4668-BE54-9A1E7A4F7556}") = "BookStore.Data.EntityFramework", "BookStore.EntityFramework\BookStore.Data.EntityFramework.csproj", "{81AE066C-2845-41B4-8658-2A17913270DE}"
EndProject
Global
	GlobalSection(SolutionConfigurationPlatforms) = preSolution
		Debug|Any CPU = Debug|Any CPU
		Release|Any CPU = Release|Any CPU
	EndGlobalSection
	GlobalSection(ProjectConfigurationPlatforms) = postSolution
		{A403E4E9-3604-4171-99E9-516AB65E281C}.Debug|Any CPU.ActiveCfg = Debug|Any CPU
		{A403E4E9-3604-4171-99E9-516AB65E281C}.Debug|Any CPU.Build.0 = Debug|Any CPU
		{A403E4E9-3604-4171-99E9-516AB65E281C}.Release|Any CPU.ActiveCfg = Release|Any CPU
		{A403E4E9-3604-4171-99E9-516AB65E281C}.Release|Any CPU.Build.0 = Release|Any CPU
		{0662243D-12F1-435A-8F34-81E57E4AB5DA}.Debug|Any CPU.ActiveCfg = Debug|Any CPU
		{0662243D-12F1-435A-8F34-81E57E4AB5DA}.Debug|Any CPU.Build.0 = Debug|Any CPU
		{0662243D-12F1-435A-8F34-81E57E4AB5DA}.Release|Any CPU.ActiveCfg = Release|Any CPU
		{0662243D-12F1-435A-8F34-81E57E4AB5DA}.Release|Any CPU.Build.0 = Release|Any CPU
		{81AE066C-2845-41B4-8658-2A17913270DE}.Debug|Any CPU.ActiveCfg = Debug|Any CPU
		{81AE066C-2845-41B4-8658-2A17913270DE}.Debug|Any CPU.Build.0 = Debug|Any CPU
		{81AE066C-2845-41B4-8658-2A17913270DE}.Release|Any CPU.ActiveCfg = Release|Any CPU
		{81AE066C-2845-41B4-8658-2A17913270DE}.Release|Any CPU.Build.0 = Release|Any CPU
	EndGlobalSection
	GlobalSection(SolutionProperties) = preSolution
		HideSolutionNode = FALSE
	EndGlobalSection
	GlobalSection(ExtensibilityGlobals) = postSolution
		SolutionGuid = {78068A53-D28E-4700-9589-8D9246E2FC33}
	EndGlobalSection
EndGlobal
